{
  "name": "server",
  "version": "1.0.0",
  "lockfileVersion": 1,
  "requires": true,
  "dependencies": {
    "@octetstream/promisify": {
      "version": "2.0.2",
      "resolved": "https://registry.npmjs.org/@octetstream/promisify/-/promisify-2.0.2.tgz",
      "integrity": "sha512-7XHoRB61hxsz8lBQrjC1tq/3OEIgpvGWg6DKAdwi7WRzruwkmsdwmOoUXbU4Dtd4RSOMDwed0SkP3y8UlMt1Bg=="
    },
    "argparse": {
      "version": "2.0.1",
      "resolved": "https://registry.npmjs.org/argparse/-/argparse-2.0.1.tgz",
      "integrity": "sha512-8+9WqebbFzpX9OR+Wa6O29asIogeRMzcGtAINdpMHHyAg10f05aSFVBbcEqGf/PXw1EjAZ+q2/bEBg3DvurK3Q=="
    },
    "co": {
      "version": "4.6.0",
      "resolved": "https://registry.npmjs.org/co/-/co-4.6.0.tgz",
      "integrity": "sha512-QVb0dM5HvG+uaxitm8wONl7jltx8dqhfU33DcqtOZcLSVIKSDDLDi7+0LbAKiyI8hD9u42m2YxXSkMGWThaecQ=="
    },
    "https": {
      "version": "1.0.0",
      "resolved": "https://r2.cnpmjs.org/https/-/https-1.0.0.tgz",
      "integrity": "sha512-4EC57ddXrkaF0x83Oj8sM6SLQHAWXw90Skqu2M4AEWENZ3F02dFJE/GARA8igO79tcgYqGrD7ae4f5L3um2lgg=="
    },
    "ini": {
      "version": "3.0.1",
      "resolved": "https://r.cnpmjs.org/ini/-/ini-3.0.1.tgz",
      "integrity": "sha512-it4HyVAUTKBc6m8e1iXWvXSTdndF7HbdN713+kvLrymxTaU4AUBWrJ4vEooP+V7fexnVD3LKcBshjGGPefSMUQ=="
    },
    "js-yaml": {
      "version": "4.1.0",
      "resolved": "https://registry.npmjs.org/js-yaml/-/js-yaml-4.1.0.tgz",
      "integrity": "sha512-wpxZs9NoxZaJESJGIZTyDEaYpl0FKSA+FB9aJiyemKhMwkxQg63h4T1KJgUGHpTqPDNRcmmYLugrRjJlBtWvRA==",
      "requires": {
        "argparse": "^2.0.1"
      }
    },
    "junk": {
      "version": "3.1.0",
      "resolved": "https://registry.npmjs.org/junk/-/junk-3.1.0.tgz",
      "integrity": "sha512-pBxcB3LFc8QVgdggvZWyeys+hnrNWg4OcZIU/1X59k5jQdLBlCsYGRQaz234SqoRLTCgMH00fY0xRJH+F9METQ=="
    },
    "node-fetch": {
      "version": "2.6.7",
      "resolved": "https://registry.npmjs.org/node-fetch/-/node-fetch-2.6.7.tgz",
      "integrity": "sha512-ZjMPFEfVx5j+y2yF35Kzx5sF7kDzxuDj6ziH4FFbOp87zKDZNx8yExJIb05OGF4Nlt9IHFIMBkRl41VdvcNdbQ==",
      "requires": {
        "whatwg-url": "^5.0.0"
      }
    },
    "node-yaml": {
      "version": "4.0.1",
      "resolved": "https://registry.npmjs.org/node-yaml/-/node-yaml-4.0.1.tgz",
      "integrity": "sha512-ZPKi3OexXdiklsRW9g4P7jAxHAhoBRZCFmIDMQ89clLhMz+MTJuCM9y5f1R7Ru75H84hWJouwpxVOq1SdRTe7A==",
      "requires": {
        "co": "4.6.0",
        "junk": "3.1.0",
        "promise-fs": "2.1.1"
      }
    },
    "promise-fs": {
      "version": "2.1.1",
      "resolved": "https://registry.npmjs.org/promise-fs/-/promise-fs-2.1.1.tgz",
      "integrity": "sha512-43p7e4QzAQ3w6eyN0+gbBL7jXiZFWLWYITg9wIObqkBySu/a5K1EDcQ/S6UyB/bmiZWDA4NjTbcopKLTaKcGSw==",
      "requires": {
        "@octetstream/promisify": "2.0.2"
      }
    },
    "tr46": {
      "version": "0.0.3",
      "resolved": "https://registry.npmjs.org/tr46/-/tr46-0.0.3.tgz",
      "integrity": "sha512-N3WMsuqV66lT30CrXNbEjx4GEwlow3v6rr4mCcv6prnfwhS01rkgyFdjPNBYd9br7LpXV1+Emh01fHnq2Gdgrw=="
    },
    "webidl-conversions": {
      "version": "3.0.1",
      "resolved": "https://registry.npmjs.org/webidl-conversions/-/webidl-conversions-3.0.1.tgz",
      "integrity": "sha512-2JAn3z8AR6rjK8Sm8orRC0h/bcl/DqL7tRPdGZ4I1CjdF+EaMLmYxBHyXuKL849eucPFhvBoxMsflfOb8kxaeQ=="
    },
    "whatwg-url": {
      "version": "5.0.0",
      "resolved": "https://registry.npmjs.org/whatwg-url/-/whatwg-url-5.0.0.tgz",
      "integrity": "sha512-saE57nupxk6v3HY35+jzBwYa0rKSy0XR8JSxZPwgLr7ys0IBzhGviA1/TUGJLmSVqs8pb9AnvICXEuOHLprYTw==",
      "requires": {
        "tr46": "~0.0.3",
        "webidl-conversions": "^3.0.0"
      }
    }
  }
}
